# Internal base image lock (immutable digests).
# Generated by: node tools/sync-base-images-lock.mjs
ALPINE_3_23_IMAGE=registry.gitjet.ru/alpine:3.23
ALPINE_3_23_REF=registry.gitjet.ru/alpine@sha256:2f5a48f42d00843fd3d18b8751062141c19f981ecdac62afc224b67411c6d248
ALPINE_3_19_IMAGE=registry.gitjet.ru/alpine:3.19
ALPINE_3_19_REF=registry.gitjet.ru/alpine@sha256:55a6e5ea43f976ee92ffb118d3b4613e55fe2c9930f5a8c9a43a1015099f309c
GOLANG_1_26_ALPINE_3_23_IMAGE=registry.gitjet.ru/go:1.26.1
GOLANG_1_26_ALPINE_3_23_REF=registry.gitjet.ru/go@sha256:8ea7216657ca095b33dd99be348f3ddf40665a871cfaa1625ebc87797e0eff94
PYTHON_3_12_ALPINE_IMAGE=registry.gitjet.ru/python:3.12-alpine
PYTHON_3_12_ALPINE_REF=registry.gitjet.ru/python@sha256:98f2b75da18876a72289d78bd3bc81d6083c63ceb309a1f12797439814bad435

