# Internal base image lock (immutable digests).
# Generated by: node tools/sync-base-images-lock.mjs
ALPINE_3_23_IMAGE=registry.gitjet.ru/alpine-base:3.23
ALPINE_3_23_REF=registry.gitjet.ru/alpine-base@sha256:9b087b7bafe143c4c1bbf25ef624fdbdc4992985e6264d796694a2e498bf65a6
ALPINE_3_19_IMAGE=registry.gitjet.ru/alpine-base:3.19
ALPINE_3_19_REF=registry.gitjet.ru/alpine-base@sha256:b1f58361ff23d7734699b039b2f36b7458e4e37207edf473472dc7d930e7e961
GOLANG_1_26_ALPINE_3_23_IMAGE=registry.gitjet.ru/golang-base:1.26-alpine3.23
GOLANG_1_26_ALPINE_3_23_REF=registry.gitjet.ru/golang-base@sha256:02a0bede47ad2715c36533cacd7a47f87c0e0123d935b1206a6cc74a34340552

